// !$*UTF8*$!
{
	archiveVersion = 1;
	classes = {
	};
	objectVersion = 56;
	objects = {

/* Begin PBXGroup section */
		CE89BD1C2ACFC1A500C5FA8A = {
			isa = PBXGroup;
			children = (
			);
			sourceTree = "<group>";
		};
/* End PBXGroup section */

/* Begin PBXProject section */
		CE89BD1D2ACFC1A500C5FA8A /* Project object */ = {
			isa = PBXProject;
			attributes = {
				BuildIndependentTargetsInParallel = 1;
				LastUpgradeCheck = 1500;
			};
			buildConfigurationList = CE89BD202ACFC1A500C5FA8A /* Build configuration list for PBXProject "GIt_Practice" */;
			compatibilityVersion = "Xcode 14.0";
			developmentRegion = en;
			hasScannedForEncodings = 0;
			knownRegions = (
				en,
				Base,
			);
			mainGroup = CE89BD1C2ACFC1A500C5FA8A;
			projectDirPath = "";
			projectRoot = "";
			targets = (
			);
		};
/* End PBXProject section */

/* Begin XCBuildConfiguration section */
		CE89BD212ACFC1A500C5FA8A /* Debug */ = {
			isa = XCBuildConfiguration;
			buildSettings = {
			};
			name = Debug;
		};
		CE89BD222ACFC1A500C5FA8A /* Release */ = {
			isa = XCBuildConfiguration;
			buildSettings = {
			};
			name = Release;
		};
/* End XCBuildConfiguration section */

/* Begin XCConfigurationList section */
		CE89BD202ACFC1A500C5FA8A /* Build configuration list for PBXProject "GIt_Practice" */ = {
			isa = XCConfigurationList;
			buildConfigurations = (
				CE89BD212ACFC1A500C5FA8A /* Debug */,
				CE89BD222ACFC1A500C5FA8A /* Release */,
			);
			defaultConfigurationIsVisible = 0;
			defaultConfigurationName = Release;
		};
/* End XCConfigurationList section */
	};
	rootObject = CE89BD1D2ACFC1A500C5FA8A /* Project object */;
}
